// !$*UTF8*$!
{
	archiveVersion = 1;
	classes = {
	};
	objectVersion = 50;
	objects = {

/* Begin PBXBuildFile section */
		42973B75255F24F2002F759E /* AppDelegate.swift in Sources */ = {isa = PBXBuildFile; fileRef = 42973B74255F24F2002F759E /* AppDelegate.swift */; };
		42973B77255F24F2002F759E /* SceneDelegate.swift in Sources */ = {isa = PBXBuildFile; fileRef = 42973B76255F24F2002F759E /* SceneDelegate.swift */; };
		42973B79255F24F2002F759E /* ViewController.swift in Sources */ = {isa = PBXBuildFile; fileRef = 42973B78255F24F2002F759E /* ViewController.swift */; };
		42973B7C255F24F2002F759E /* Main.storyboard in Resources */ = {isa = PBXBuildFile; fileRef = 42973B7A255F24F2002F759E /* Main.storyboard */; };
		42973B7F255F24F2002F759E /* MyJournal.xcdatamodeld in Sources */ = {isa = PBXBuildFile; fileRef = 42973B7D255F24F2002F759E /* MyJournal.xcdatamodeld */; };
		42973B81255F24F7002F759E /* Assets.xcassets in Resources */ = {isa = PBXBuildFile; fileRef = 42973B80255F24F7002F759E /* Assets.xcassets */; };
		42973B84255F24F7002F759E /* LaunchScreen.storyboard in Resources */ = {isa = PBXBuildFile; fileRef = 42973B82255F24F7002F759E /* LaunchScreen.storyboard */; };
/* End PBXBuildFile section */

/* Begin PBXFileReference section */
		42973B71255F24F2002F759E /* MyJournal.app */ = {isa = PBXFileReference; explicitFileType = wrapper.application; includeInIndex = 0; path = MyJournal.app; sourceTree = BUILT_PRODUCTS_DIR; };
		42973B74255F24F2002F759E /* AppDelegate.swift */ = {isa = PBXFileReference; lastKnownFileType = sourcecode.swift; path = AppDelegate.swift; sourceTree = "<group>"; };
		42973B76255F24F2002F759E /* SceneDelegate.swift */ = {isa = PBXFileReference; lastKnownFileType = sourcecode.swift; path = SceneDelegate.swift; sourceTree = "<group>"; };
		42973B78255F24F2002F759E /* ViewController.swift */ = {isa = PBXFileReference; lastKnownFileType = sourcecode.swift; path = ViewController.swift; sourceTree = "<group>"; };
		42973B7B255F24F2002F759E /* Base */ = {isa = PBXFileReference; lastKnownFileType = file.storyboard; name = Base; path = Base.lproj/Main.storyboard; sourceTree = "<group>"; };
		42973B7E255F24F2002F759E /* MyJournal.xcdatamodel */ = {isa = PBXFileReference; lastKnownFileType = wrapper.xcdatamodel; path = MyJournal.xcdatamodel; sourceTree = "<group>"; };
		42973B80255F24F7002F759E /* Assets.xcassets */ = {isa = PBXFileReference; lastKnownFileType = folder.assetcatalog; path = Assets.xcassets; sourceTree = "<group>"; };
		42973B83255F24F7002F759E /* Base */ = {isa = PBXFileReference; lastKnownFileType = file.storyboard; name = Base; path = Base.lproj/LaunchScreen.storyboard; sourceTree = "<group>"; };
		42973B85255F24F7002F759E /* Info.plist */ = {isa = PBXFileReference; lastKnownFileType = text.plist.xml; path = Info.plist; sourceTree = "<group>"; };
/* End PBXFileReference section */

/* Begin PBXFrameworksBuildPhase section */
		42973B6E255F24F2002F759E /* Frameworks */ = {
			isa = PBXFrameworksBuildPhase;
			buildActionMask = 2147483647;
			files = (
			);
			runOnlyForDeploymentPostprocessing = 0;
		};
/* End PBXFrameworksBuildPhase section */

/* Begin PBXGroup section */
		42973B68255F24F2002F759E = {
			isa = PBXGroup;
			children = (
				42973B73255F24F2002F759E /* MyJournal */,
				42973B72255F24F2002F759E /* Products */,
			);
			sourceTree = "<group>";
		};
		42973B72255F24F2002F759E /* Products */ = {
			isa = PBXGroup;
			children = (
				42973B71255F24F2002F759E /* MyJournal.app */,
			);
			name = Products;
			sourceTree = "<group>";
		};
		42973B73255F24F2002F759E /* MyJournal */ = {
			isa = PBXGroup;
			children = (
				42973B74255F24F2002F759E /* AppDelegate.swift */,
				42973B76255F24F2002F759E /* SceneDelegate.swift */,
				42973B78255F24F2002F759E /* ViewController.swift */,
				42973B7A255F24F2002F759E /* Main.storyboard */,
				42973B80255F24F7002F759E /* Assets.xcassets */,
				42973B82255F24F7002F759E /* LaunchScreen.storyboard */,
				42973B85255F24F7002F759E /* Info.plist */,
				42973B7D255F24F2002F759E /* MyJournal.xcdatamodeld */,
			);
			path = MyJournal;
			sourceTree = "<group>";
		};
/* End PBXGroup section */

/* Begin PBXNativeTarget section */
		42973B70255F24F2002F759E /* MyJournal */ = {
			isa = PBXNativeTarget;
			buildConfigurationList = 42973B88255F24F7002F759E /* Build configuration list for PBXNativeTarget "MyJournal" */;
			buildPhases = (
				42973B6D255F24F2002F759E /* Sources */,
				42973B6E255F24F2002F759E /* Frameworks */,
				42973B6F255F24F2002F759E /* Resources */,
			);
			buildRules = (
			);
			dependencies = (
			);
			name = MyJournal;
			productName = MyJournal;
			productReference = 42973B71255F24F2002F759E /* MyJournal.app */;
			productType = "com.apple.product-type.application";
		};
/* End PBXNativeTarget section */

/* Begin PBXProject section */
		42973B69255F24F2002F759E /* Project object */ = {
			isa = PBXProject;
			attributes = {
				LastSwiftUpdateCheck = 1200;
				LastUpgradeCheck = 1200;
				TargetAttributes = {
					42973B70255F24F2002F759E = {
						CreatedOnToolsVersion = 12.0.1;
					};
				};
			};
			buildConfigurationList = 42973B6C255F24F2002F759E /* Build configuration list for PBXProject "MyJournal" */;
			compatibilityVersion = "Xcode 9.3";
			developmentRegion = en;
			hasScannedForEncodings = 0;
			knownRegions = (
				en,
				Base,
			);
			mainGroup = 42973B68255F24F2002F759E;
			productRefGroup = 42973B72255F24F2002F759E /* Products */;
			projectDirPath = "";
			projectRoot = "";
			targets = (
				42973B70255F24F2002F759E /* MyJournal */,
			);
		};
/* End PBXProject section */

/* Begin PBXResourcesBuildPhase section */
		42973B6F255F24F2002F759E /* Resources */ = {
			isa = PBXResourcesBuildPhase;
			buildActionMask = 2147483647;
			files = (
				42973B84255F24F7002F759E /* LaunchScreen.storyboard in Resources */,
				42973B81255F24F7002F759E /* Assets.xcassets in Resources */,
				42973B7C255F24F2002F759E /* Main.storyboard in Resources */,
			);
			runOnlyForDeploymentPostprocessing = 0;
		};
/* End PBXResourcesBuildPhase section */

/* Begin PBXSourcesBuildPhase section */
		42973B6D255F24F2002F759E /* Sources */ = {
			isa = PBXSourcesBuildPhase;
			buildActionMask = 2147483647;
			files = (
				42973B79255F24F2002F759E /* ViewController.swift in Sources */,
				42973B75255F24F2002F759E /* AppDelegate.swift in Sources */,
				42973B77255F24F2002F759E /* SceneDelegate.swift in Sources */,
				42973B7F255F24F2002F759E /* MyJournal.xcdatamodeld in Sources */,
			);
			runOnlyForDeploymentPostprocessing = 0;
		};
/* End PBXSourcesBuildPhase section */

/* Begin PBXVariantGroup section */
		42973B7A255F24F2002F759E /* Main.storyboard */ = {
			isa = PBXVariantGroup;
			children = (
				42973B7B255F24F2002F759E /* Base */,
			);
			name = Main.storyboard;
			sourceTree = "<group>";
		};
		42973B82255F24F7002F759E /* LaunchScreen.storyboard */ = {
			isa = PBXVariantGroup;
			children = (
				42973B83255F24F7002F759E /* Base */,
			);
			name = LaunchScreen.storyboard;
			sourceTree = "<group>";
		};
/* End PBXVariantGroup section */

/* Begin XCBuildConfiguration section */
		42973B86255F24F7002F759E /* Debug */ = {
			isa = XCBuildConfiguration;
			buildSettings = {
				ALWAYS_SEARCH_USER_PATHS = NO;
				CLANG_ANALYZER_NONNULL = YES;
				CLANG_ANALYZER_NUMBER_OBJECT_CONVERSION = YES_AGGRESSIVE;
				CLANG_CXX_LANGUAGE_STANDARD = "gnu++14";
				CLANG_CXX_LIBRARY = "libc++";
				CLANG_ENABLE_MODULES = YES;
				CLANG_ENABLE_OBJC_ARC = YES;
				CLANG_ENABLE_OBJC_WEAK = YES;
				CLANG_WARN_BLOCK_CAPTURE_AUTORELEASING = YES;
				CLANG_WARN_BOOL_CONVERSION = YES;
				CLANG_WARN_COMMA = YES;
				CLANG_WARN_CONSTANT_CONVERSION = YES;
				CLANG_WARN_DEPRECATED_OBJC_IMPLEMENTATIONS = YES;
				CLANG_WARN_DIRECT_OBJC_ISA_USAGE = YES_ERROR;
				CLANG_WARN_DOCUMENTATION_COMMENTS = YES;
				CLANG_WARN_EMPTY_BODY = YES;
				CLANG_WARN_ENUM_CONVERSION = YES;
				CLANG_WARN_INFINITE_RECURSION = YES;
				CLANG_WARN_INT_CONVERSION = YES;
				CLANG_WARN_NON_LITERAL_NULL_CONVERSION = YES;
				CLANG_WARN_OBJC_IMPLICIT_RETAIN_SELF = YES;
				CLANG_WARN_OBJC_LITERAL_CONVERSION = YES;
				CLANG_WARN_OBJC_ROOT_CLASS = YES_ERROR;
				CLANG_WARN_QUOTED_INCLUDE_IN_FRAMEWORK_HEADER = YES;
				CLANG_WARN_RANGE_LOOP_ANALYSIS = YES;
				CLANG_WARN_STRICT_PROTOTYPES = YES;
				CLANG_WARN_SUSPICIOUS_MOVE = YES;
				CLANG_WARN_UNGUARDED_AVAILABILITY = YES_AGGRESSIVE;
				CLANG_WARN_UNREACHABLE_CODE = YES;
				CLANG_WARN__DUPLICATE_METHOD_MATCH = YES;
				COPY_PHASE_STRIP = NO;
				DEBUG_INFORMATION_FORMAT = dwarf;
				ENABLE_STRICT_OBJC_MSGSEND = YES;
				ENABLE_TESTABILITY = YES;
				GCC_C_LANGUAGE_STANDARD = gnu11;
				GCC_DYNAMIC_NO_PIC = NO;
				GCC_NO_COMMON_BLOCKS = YES;
				GCC_OPTIMIZATION_LEVEL = 0;
				GCC_PREPROCESSOR_DEFINITIONS = (
					"DEBUG=1",
					"$(inherited)",
				);
				GCC_WARN_64_TO_32_BIT_CONVERSION = YES;
				GCC_WARN_ABOUT_RETURN_TYPE = YES_ERROR;
				GCC_WARN_UNDECLARED_SELECTOR = YES;
				GCC_WARN_UNINITIALIZED_AUTOS = YES_AGGRESSIVE;
				GCC_WARN_UNUSED_FUNCTION = YES;
				GCC_WARN_UNUSED_VARIABLE = YES;
				IPHONEOS_DEPLOYMENT_TARGET = 14.0;
				MTL_ENABLE_DEBUG_INFO = INCLUDE_SOURCE;
				MTL_FAST_MATH = YES;
				ONLY_ACTIVE_ARCH = YES;
				SDKROOT = iphoneos;
				SWIFT_ACTIVE_COMPILATION_CONDITIONS = DEBUG;
				SWIFT_OPTIMIZATION_LEVEL = "-Onone";
			};
			name = Debug;
		};
		42973B87255F24F7002F759E /* Release */ = {
			isa = XCBuildConfiguration;
			buildSettings = {
				ALWAYS_SEARCH_USER_PATHS = NO;
				CLANG_ANALYZER_NONNULL = YES;
				CLANG_ANALYZER_NUMBER_OBJECT_CONVERSION = YES_AGGRESSIVE;
				CLANG_CXX_LANGUAGE_STANDARD = "gnu++14";
				CLANG_CXX_LIBRARY = "libc++";
				CLANG_ENABLE_MODULES = YES;
				CLANG_ENABLE_OBJC_ARC = YES;
				CLANG_ENABLE_OBJC_WEAK = YES;
				CLANG_WARN_BLOCK_CAPTURE_AUTORELEASING = YES;
				CLANG_WARN_BOOL_CONVERSION = YES;
				CLANG_WARN_COMMA = YES;
				CLANG_WARN_CONSTANT_CONVERSION = YES;
				CLANG_WARN_DEPRECATED_OBJC_IMPLEMENTATIONS = YES;
				CLANG_WARN_DIRECT_OBJC_ISA_USAGE = YES_ERROR;
				CLANG_WARN_DOCUMENTATION_COMMENTS = YES;
				CLANG_WARN_EMPTY_BODY = YES;
				CLANG_WARN_ENUM_CONVERSION = YES;
				CLANG_WARN_INFINITE_RECURSION = YES;
				CLANG_WARN_INT_CONVERSION = YES;
				CLANG_WARN_NON_LITERAL_NULL_CONVERSION = YES;
				CLANG_WARN_OBJC_IMPLICIT_RETAIN_SELF = YES;
				CLANG_WARN_OBJC_LITERAL_CONVERSION = YES;
				CLANG_WARN_OBJC_ROOT_CLASS = YES_ERROR;
				CLANG_WARN_QUOTED_INCLUDE_IN_FRAMEWORK_HEADER = YES;
				CLANG_WARN_RANGE_LOOP_ANALYSIS = YES;
				CLANG_WARN_STRICT_PROTOTYPES = YES;
				CLANG_WARN_SUSPICIOUS_MOVE = YES;
				CLANG_WARN_UNGUARDED_AVAILABILITY = YES_AGGRESSIVE;
				CLANG_WARN_UNREACHABLE_CODE = YES;
				CLANG_WARN__DUPLICATE_METHOD_MATCH = YES;
				COPY_PHASE_STRIP = NO;
				DEBUG_INFORMATION_FORMAT = "dwarf-with-dsym";
				ENABLE_NS_ASSERTIONS = NO;
				ENABLE_STRICT_OBJC_MSGSEND = YES;
				GCC_C_LANGUAGE_STANDARD = gnu11;
				GCC_NO_COMMON_BLOCKS = YES;
				GCC_WARN_64_TO_32_BIT_CONVERSION = YES;
				GCC_WARN_ABOUT_RETURN_TYPE = YES_ERROR;
				GCC_WARN_UNDECLARED_SELECTOR = YES;
				GCC_WARN_UNINITIALIZED_AUTOS = YES_AGGRESSIVE;
				GCC_WARN_UNUSED_FUNCTION = YES;
				GCC_WARN_UNUSED_VARIABLE = YES;
				IPHONEOS_DEPLOYMENT_TARGET = 14.0;
				MTL_ENABLE_DEBUG_INFO = NO;
				MTL_FAST_MATH = YES;
				SDKROOT = iphoneos;
				SWIFT_COMPILATION_MODE = wholemodule;
				SWIFT_OPTIMIZATION_LEVEL = "-O";
				VALIDATE_PRODUCT = YES;
			};
			name = Release;
		};
		42973B89255F24F7002F759E /* Debug */ = {
			isa = XCBuildConfiguration;
			buildSettings = {
				ASSETCATALOG_COMPILER_APPICON_NAME = AppIcon;
				ASSETCATALOG_COMPILER_GLOBAL_ACCENT_COLOR_NAME = AccentColor;
				CODE_SIGN_STYLE = Automatic;
				DEVELOPMENT_TEAM = 5YP4T32B58;
				INFOPLIST_FILE = MyJournal/Info.plist;
				LD_RUNPATH_SEARCH_PATHS = (
					"$(inherited)",
					"@executable_path/Frameworks",
				);
				PRODUCT_BUNDLE_IDENTIFIER = com.NipunSingh.MyJournal;
				PRODUCT_NAME = "$(TARGET_NAME)";
				SWIFT_VERSION = 5.0;
				TARGETED_DEVICE_FAMILY = "1,2";
			};
			name = Debug;
		};
		42973B8A255F24F7002F759E /* Release */ = {
			isa = XCBuildConfiguration;
			buildSettings = {
				ASSETCATALOG_COMPILER_APPICON_NAME = AppIcon;
				ASSETCATALOG_COMPILER_GLOBAL_ACCENT_COLOR_NAME = AccentColor;
				CODE_SIGN_STYLE = Automatic;
				DEVELOPMENT_TEAM = 5YP4T32B58;
				INFOPLIST_FILE = MyJournal/Info.plist;
				LD_RUNPATH_SEARCH_PATHS = (
					"$(inherited)",
					"@executable_path/Frameworks",
				);
				PRODUCT_BUNDLE_IDENTIFIER = com.NipunSingh.MyJournal;
				PRODUCT_NAME = "$(TARGET_NAME)";
				SWIFT_VERSION = 5.0;
				TARGETED_DEVICE_FAMILY = "1,2";
			};
			name = Release;
		};
/* End XCBuildConfiguration section */

/* Begin XCConfigurationList section */
		42973B6C255F24F2002F759E /* Build configuration list for PBXProject "MyJournal" */ = {
			isa = XCConfigurationList;
			buildConfigurations = (
				42973B86255F24F7002F759E /* Debug */,
				42973B87255F24F7002F759E /* Release */,
			);
			defaultConfigurationIsVisible = 0;
			defaultConfigurationName = Release;
		};
		42973B88255F24F7002F759E /* Build configuration list for PBXNativeTarget "MyJournal" */ = {
			isa = XCConfigurationList;
			buildConfigurations = (
				42973B89255F24F7002F759E /* Debug */,
				42973B8A255F24F7002F759E /* Release */,
			);
			defaultConfigurationIsVisible = 0;
			defaultConfigurationName = Release;
		};
/* End XCConfigurationList section */

/* Begin XCVersionGroup section */
		42973B7D255F24F2002F759E /* MyJournal.xcdatamodeld */ = {
			isa = XCVersionGroup;
			children = (
				42973B7E255F24F2002F759E /* MyJournal.xcdatamodel */,
			);
			currentVersion = 42973B7E255F24F2002F759E /* MyJournal.xcdatamodel */;
			path = MyJournal.xcdatamodeld;
			sourceTree = "<group>";
			versionGroupType = wrapper.xcdatamodel;
		};
/* End XCVersionGroup section */
	};
	rootObject = 42973B69255F24F2002F759E /* Project object */;
}
